
Microsoft Visual Studio Solution File, Format Version 12.00
# Visual Studio Version 17
VisualStudioVersion = 17.13.35818.85 d17.13
MinimumVisualStudioVersion = 10.0.40219.1
Project("{54A90642-561A-4BB1-A94E-469ADEE60C69}") = "deploymentbestpractices.client", "deploymentbestpractices.client\deploymentbestpractices.client.esproj", "{958BD0AE-D6DD-44D9-5393-E04BBC13D6CC}"
EndProject
Project("{FAE04EC0-301F-11D3-BF4B-00C04F79EFBC}") = "DeploymentBestPractices.Server", "DeploymentBestPractices.Server\DeploymentBestPractices.Server.csproj", "{A103757F-2A23-41F5-A5D1-5B09857685A2}"
EndProject
Global
	GlobalSection(SolutionConfigurationPlatforms) = preSolution
		Debug|Any CPU = Debug|Any CPU
		Release|Any CPU = Release|Any CPU
	EndGlobalSection
	GlobalSection(ProjectConfigurationPlatforms) = postSolution
		{958BD0AE-D6DD-44D9-5393-E04BBC13D6CC}.Debug|Any CPU.ActiveCfg = Debug|Any CPU
		{958BD0AE-D6DD-44D9-5393-E04BBC13D6CC}.Debug|Any CPU.Build.0 = Debug|Any CPU
		{958BD0AE-D6DD-44D9-5393-E04BBC13D6CC}.Debug|Any CPU.Deploy.0 = Debug|Any CPU
		{958BD0AE-D6DD-44D9-5393-E04BBC13D6CC}.Release|Any CPU.ActiveCfg = Release|Any CPU
		{958BD0AE-D6DD-44D9-5393-E04BBC13D6CC}.Release|Any CPU.Build.0 = Release|Any CPU
		{958BD0AE-D6DD-44D9-5393-E04BBC13D6CC}.Release|Any CPU.Deploy.0 = Release|Any CPU
		{A103757F-2A23-41F5-A5D1-5B09857685A2}.Debug|Any CPU.ActiveCfg = Debug|Any CPU
		{A103757F-2A23-41F5-A5D1-5B09857685A2}.Debug|Any CPU.Build.0 = Debug|Any CPU
		{A103757F-2A23-41F5-A5D1-5B09857685A2}.Release|Any CPU.ActiveCfg = Release|Any CPU
		{A103757F-2A23-41F5-A5D1-5B09857685A2}.Release|Any CPU.Build.0 = Release|Any CPU
	EndGlobalSection
	GlobalSection(SolutionProperties) = preSolution
		HideSolutionNode = FALSE
	EndGlobalSection
	GlobalSection(ExtensibilityGlobals) = postSolution
		SolutionGuid = {F9A26DDA-8EA4-4854-BE46-9820D557D4F1}
	EndGlobalSection
EndGlobal
